// !$*UTF8*$!
{
	archiveVersion = 1;
	classes = {
	};
	objectVersion = 51;
	objects = {

/* Begin PBXBuildFile section */
		64C9AFDFC7378CEAFBC3F208 /* Pods_rxWeather.framework in Frameworks */ = {isa = PBXBuildFile; fileRef = 74D714812E677EAEF5E2D7CE /* Pods_rxWeather.framework */; };
		BD3BEA6823F39A870086EA43 /* AppDelegate.swift in Sources */ = {isa = PBXBuildFile; fileRef = BD3BEA6723F39A870086EA43 /* AppDelegate.swift */; };
		BD3BEA6A23F39A870086EA43 /* SceneDelegate.swift in Sources */ = {isa = PBXBuildFile; fileRef = BD3BEA6923F39A870086EA43 /* SceneDelegate.swift */; };
		BD3BEA6C23F39A870086EA43 /* ViewController.swift in Sources */ = {isa = PBXBuildFile; fileRef = BD3BEA6B23F39A870086EA43 /* ViewController.swift */; };
		BD3BEA6F23F39A870086EA43 /* Main.storyboard in Resources */ = {isa = PBXBuildFile; fileRef = BD3BEA6D23F39A870086EA43 /* Main.storyboard */; };
		BD3BEA7123F39A890086EA43 /* Assets.xcassets in Resources */ = {isa = PBXBuildFile; fileRef = BD3BEA7023F39A890086EA43 /* Assets.xcassets */; };
		BD3BEA7423F39A890086EA43 /* LaunchScreen.storyboard in Resources */ = {isa = PBXBuildFile; fileRef = BD3BEA7223F39A890086EA43 /* LaunchScreen.storyboard */; };
		BD3BEA7F23F39C300086EA43 /* WeatherResult.swift in Sources */ = {isa = PBXBuildFile; fileRef = BD3BEA7E23F39C300086EA43 /* WeatherResult.swift */; };
		BD3BEA8223F39D8C0086EA43 /* URLRequest+Extensions.swift in Sources */ = {isa = PBXBuildFile; fileRef = BD3BEA8123F39D8C0086EA43 /* URLRequest+Extensions.swift */; };
		BD3BEA8423F3A1A90086EA43 /* URL+Extensions.swift in Sources */ = {isa = PBXBuildFile; fileRef = BD3BEA8323F3A1A90086EA43 /* URL+Extensions.swift */; };
/* End PBXBuildFile section */

/* Begin PBXFileReference section */
		30EC0BEA6FC733CD916095D3 /* Pods-rxWeather.release.xcconfig */ = {isa = PBXFileReference; includeInIndex = 1; lastKnownFileType = text.xcconfig; name = "Pods-rxWeather.release.xcconfig"; path = "Target Support Files/Pods-rxWeather/Pods-rxWeather.release.xcconfig"; sourceTree = "<group>"; };
		3D989EED6FD8906A8BB822BB /* Pods-rxWeather.debug.xcconfig */ = {isa = PBXFileReference; includeInIndex = 1; lastKnownFileType = text.xcconfig; name = "Pods-rxWeather.debug.xcconfig"; path = "Target Support Files/Pods-rxWeather/Pods-rxWeather.debug.xcconfig"; sourceTree = "<group>"; };
		74D714812E677EAEF5E2D7CE /* Pods_rxWeather.framework */ = {isa = PBXFileReference; explicitFileType = wrapper.framework; includeInIndex = 0; path = Pods_rxWeather.framework; sourceTree = BUILT_PRODUCTS_DIR; };
		BD3BEA6423F39A870086EA43 /* rxWeather.app */ = {isa = PBXFileReference; explicitFileType = wrapper.application; includeInIndex = 0; path = rxWeather.app; sourceTree = BUILT_PRODUCTS_DIR; };
		BD3BEA6723F39A870086EA43 /* AppDelegate.swift */ = {isa = PBXFileReference; lastKnownFileType = sourcecode.swift; path = AppDelegate.swift; sourceTree = "<group>"; };
		BD3BEA6923F39A870086EA43 /* SceneDelegate.swift */ = {isa = PBXFileReference; lastKnownFileType = sourcecode.swift; path = SceneDelegate.swift; sourceTree = "<group>"; };
		BD3BEA6B23F39A870086EA43 /* ViewController.swift */ = {isa = PBXFileReference; lastKnownFileType = sourcecode.swift; path = ViewController.swift; sourceTree = "<group>"; };
		BD3BEA6E23F39A870086EA43 /* Base */ = {isa = PBXFileReference; lastKnownFileType = file.storyboard; name = Base; path = Base.lproj/Main.storyboard; sourceTree = "<group>"; };
		BD3BEA7023F39A890086EA43 /* Assets.xcassets */ = {isa = PBXFileReference; lastKnownFileType = folder.assetcatalog; path = Assets.xcassets; sourceTree = "<group>"; };
		BD3BEA7323F39A890086EA43 /* Base */ = {isa = PBXFileReference; lastKnownFileType = file.storyboard; name = Base; path = Base.lproj/LaunchScreen.storyboard; sourceTree = "<group>"; };
		BD3BEA7523F39A890086EA43 /* Info.plist */ = {isa = PBXFileReference; lastKnownFileType = text.plist.xml; path = Info.plist; sourceTree = "<group>"; };
		BD3BEA7E23F39C300086EA43 /* WeatherResult.swift */ = {isa = PBXFileReference; lastKnownFileType = sourcecode.swift; path = WeatherResult.swift; sourceTree = "<group>"; };
		BD3BEA8123F39D8C0086EA43 /* URLRequest+Extensions.swift */ = {isa = PBXFileReference; lastKnownFileType = sourcecode.swift; path = "URLRequest+Extensions.swift"; sourceTree = "<group>"; };
		BD3BEA8323F3A1A90086EA43 /* URL+Extensions.swift */ = {isa = PBXFileReference; lastKnownFileType = sourcecode.swift; path = "URL+Extensions.swift"; sourceTree = "<group>"; };
/* End PBXFileReference section */

/* Begin PBXFrameworksBuildPhase section */
		BD3BEA6123F39A870086EA43 /* Frameworks */ = {
			isa = PBXFrameworksBuildPhase;
			buildActionMask = 2147483647;
			files = (
				64C9AFDFC7378CEAFBC3F208 /* Pods_rxWeather.framework in Frameworks */,
			);
			runOnlyForDeploymentPostprocessing = 0;
		};
/* End PBXFrameworksBuildPhase section */

/* Begin PBXGroup section */
		96F5A4DB7B7CBB33BBC835A9 /* Frameworks */ = {
			isa = PBXGroup;
			children = (
				74D714812E677EAEF5E2D7CE /* Pods_rxWeather.framework */,
			);
			name = Frameworks;
			sourceTree = "<group>";
		};
		BD3BEA5B23F39A870086EA43 = {
			isa = PBXGroup;
			children = (
				BD3BEA6623F39A870086EA43 /* rxWeather */,
				BD3BEA6523F39A870086EA43 /* Products */,
				DF97D694FB03E2E9BD3366B3 /* Pods */,
				96F5A4DB7B7CBB33BBC835A9 /* Frameworks */,
			);
			sourceTree = "<group>";
		};
		BD3BEA6523F39A870086EA43 /* Products */ = {
			isa = PBXGroup;
			children = (
				BD3BEA6423F39A870086EA43 /* rxWeather.app */,
			);
			name = Products;
			sourceTree = "<group>";
		};
		BD3BEA6623F39A870086EA43 /* rxWeather */ = {
			isa = PBXGroup;
			children = (
				BD3BEA8023F39D780086EA43 /* Extensions */,
				BD3BEA7D23F39ABF0086EA43 /* Controller */,
				BD3BEA7C23F39ABB0086EA43 /* Model */,
				BD3BEA7B23F39AB20086EA43 /* View */,
				BD3BEA6723F39A870086EA43 /* AppDelegate.swift */,
				BD3BEA6923F39A870086EA43 /* SceneDelegate.swift */,
				BD3BEA7023F39A890086EA43 /* Assets.xcassets */,
				BD3BEA7523F39A890086EA43 /* Info.plist */,
			);
			path = rxWeather;
			sourceTree = "<group>";
		};
		BD3BEA7B23F39AB20086EA43 /* View */ = {
			isa = PBXGroup;
			children = (
				BD3BEA7223F39A890086EA43 /* LaunchScreen.storyboard */,
				BD3BEA6D23F39A870086EA43 /* Main.storyboard */,
			);
			path = View;
			sourceTree = "<group>";
		};
		BD3BEA7C23F39ABB0086EA43 /* Model */ = {
			isa = PBXGroup;
			children = (
				BD3BEA7E23F39C300086EA43 /* WeatherResult.swift */,
			);
			path = Model;
			sourceTree = "<group>";
		};
		BD3BEA7D23F39ABF0086EA43 /* Controller */ = {
			isa = PBXGroup;
			children = (
				BD3BEA6B23F39A870086EA43 /* ViewController.swift */,
			);
			path = Controller;
			sourceTree = "<group>";
		};
		BD3BEA8023F39D780086EA43 /* Extensions */ = {
			isa = PBXGroup;
			children = (
				BD3BEA8123F39D8C0086EA43 /* URLRequest+Extensions.swift */,
				BD3BEA8323F3A1A90086EA43 /* URL+Extensions.swift */,
			);
			path = Extensions;
			sourceTree = "<group>";
		};
		DF97D694FB03E2E9BD3366B3 /* Pods */ = {
			isa = PBXGroup;
			children = (
				3D989EED6FD8906A8BB822BB /* Pods-rxWeather.debug.xcconfig */,
				30EC0BEA6FC733CD916095D3 /* Pods-rxWeather.release.xcconfig */,
			);
			path = Pods;
			sourceTree = "<group>";
		};
/* End PBXGroup section */

/* Begin PBXNativeTarget section */
		BD3BEA6323F39A870086EA43 /* rxWeather */ = {
			isa = PBXNativeTarget;
			buildConfigurationList = BD3BEA7823F39A890086EA43 /* Build configuration list for PBXNativeTarget "rxWeather" */;
			buildPhases = (
				450CB94CD210B245ACED829A /* [CP] Check Pods Manifest.lock */,
				BD3BEA6023F39A870086EA43 /* Sources */,
				BD3BEA6123F39A870086EA43 /* Frameworks */,
				BD3BEA6223F39A870086EA43 /* Resources */,
				76E0F37EAC5C378008181893 /* [CP] Embed Pods Frameworks */,
			);
			buildRules = (
			);
			dependencies = (
			);
			name = rxWeather;
			productName = rxWeather;
			productReference = BD3BEA6423F39A870086EA43 /* rxWeather.app */;
			productType = "com.apple.product-type.application";
		};
/* End PBXNativeTarget section */

/* Begin PBXProject section */
		BD3BEA5C23F39A870086EA43 /* Project object */ = {
			isa = PBXProject;
			attributes = {
				LastSwiftUpdateCheck = 1120;
				LastUpgradeCheck = 1120;
				ORGANIZATIONNAME = "Fernando Martin Garcia Del Angel";
				TargetAttributes = {
					BD3BEA6323F39A870086EA43 = {
						CreatedOnToolsVersion = 11.2;
					};
				};
			};
			buildConfigurationList = BD3BEA5F23F39A870086EA43 /* Build configuration list for PBXProject "rxWeather" */;
			compatibilityVersion = "Xcode 9.3";
			developmentRegion = en;
			hasScannedForEncodings = 0;
			knownRegions = (
				en,
				Base,
			);
			mainGroup = BD3BEA5B23F39A870086EA43;
			productRefGroup = BD3BEA6523F39A870086EA43 /* Products */;
			projectDirPath = "";
			projectRoot = "";
			targets = (
				BD3BEA6323F39A870086EA43 /* rxWeather */,
			);
		};
/* End PBXProject section */

/* Begin PBXResourcesBuildPhase section */
		BD3BEA6223F39A870086EA43 /* Resources */ = {
			isa = PBXResourcesBuildPhase;
			buildActionMask = 2147483647;
			files = (
				BD3BEA7423F39A890086EA43 /* LaunchScreen.storyboard in Resources */,
				BD3BEA7123F39A890086EA43 /* Assets.xcassets in Resources */,
				BD3BEA6F23F39A870086EA43 /* Main.storyboard in Resources */,
			);
			runOnlyForDeploymentPostprocessing = 0;
		};
/* End PBXResourcesBuildPhase section */

/* Begin PBXShellScriptBuildPhase section */
		450CB94CD210B245ACED829A /* [CP] Check Pods Manifest.lock */ = {
			isa = PBXShellScriptBuildPhase;
			buildActionMask = 2147483647;
			files = (
			);
			inputFileListPaths = (
			);
			inputPaths = (
				"${PODS_PODFILE_DIR_PATH}/Podfile.lock",
				"${PODS_ROOT}/Manifest.lock",
			);
			name = "[CP] Check Pods Manifest.lock";
			outputFileListPaths = (
			);
			outputPaths = (
				"$(DERIVED_FILE_DIR)/Pods-rxWeather-checkManifestLockResult.txt",
			);
			runOnlyForDeploymentPostprocessing = 0;
			shellPath = /bin/sh;
			shellScript = "diff \"${PODS_PODFILE_DIR_PATH}/Podfile.lock\" \"${PODS_ROOT}/Manifest.lock\" > /dev/null\nif [ $? != 0 ] ; then\n    # print error to STDERR\n    echo \"error: The sandbox is not in sync with the Podfile.lock. Run 'pod install' or update your CocoaPods installation.\" >&2\n    exit 1\nfi\n# This output is used by Xcode 'outputs' to avoid re-running this script phase.\necho \"SUCCESS\" > \"${SCRIPT_OUTPUT_FILE_0}\"\n";
			showEnvVarsInLog = 0;
		};
		76E0F37EAC5C378008181893 /* [CP] Embed Pods Frameworks */ = {
			isa = PBXShellScriptBuildPhase;
			buildActionMask = 2147483647;
			files = (
			);
			inputFileListPaths = (
				"${PODS_ROOT}/Target Support Files/Pods-rxWeather/Pods-rxWeather-frameworks-${CONFIGURATION}-input-files.xcfilelist",
			);
			name = "[CP] Embed Pods Frameworks";
			outputFileListPaths = (
				"${PODS_ROOT}/Target Support Files/Pods-rxWeather/Pods-rxWeather-frameworks-${CONFIGURATION}-output-files.xcfilelist",
			);
			runOnlyForDeploymentPostprocessing = 0;
			shellPath = /bin/sh;
			shellScript = "\"${PODS_ROOT}/Target Support Files/Pods-rxWeather/Pods-rxWeather-frameworks.sh\"\n";
			showEnvVarsInLog = 0;
		};
/* End PBXShellScriptBuildPhase section */

/* Begin PBXSourcesBuildPhase section */
		BD3BEA6023F39A870086EA43 /* Sources */ = {
			isa = PBXSourcesBuildPhase;
			buildActionMask = 2147483647;
			files = (
				BD3BEA6C23F39A870086EA43 /* ViewController.swift in Sources */,
				BD3BEA8423F3A1A90086EA43 /* URL+Extensions.swift in Sources */,
				BD3BEA7F23F39C300086EA43 /* WeatherResult.swift in Sources */,
				BD3BEA6823F39A870086EA43 /* AppDelegate.swift in Sources */,
				BD3BEA8223F39D8C0086EA43 /* URLRequest+Extensions.swift in Sources */,
				BD3BEA6A23F39A870086EA43 /* SceneDelegate.swift in Sources */,
			);
			runOnlyForDeploymentPostprocessing = 0;
		};
/* End PBXSourcesBuildPhase section */

/* Begin PBXVariantGroup section */
		BD3BEA6D23F39A870086EA43 /* Main.storyboard */ = {
			isa = PBXVariantGroup;
			children = (
				BD3BEA6E23F39A870086EA43 /* Base */,
			);
			name = Main.storyboard;
			sourceTree = "<group>";
		};
		BD3BEA7223F39A890086EA43 /* LaunchScreen.storyboard */ = {
			isa = PBXVariantGroup;
			children = (
				BD3BEA7323F39A890086EA43 /* Base */,
			);
			name = LaunchScreen.storyboard;
			sourceTree = "<group>";
		};
/* End PBXVariantGroup section */

/* Begin XCBuildConfiguration section */
		BD3BEA7623F39A890086EA43 /* Debug */ = {
			isa = XCBuildConfiguration;
			buildSettings = {
				ALWAYS_SEARCH_USER_PATHS = NO;
				CLANG_ANALYZER_NONNULL = YES;
				CLANG_ANALYZER_NUMBER_OBJECT_CONVERSION = YES_AGGRESSIVE;
				CLANG_CXX_LANGUAGE_STANDARD = "gnu++14";
				CLANG_CXX_LIBRARY = "libc++";
				CLANG_ENABLE_MODULES = YES;
				CLANG_ENABLE_OBJC_ARC = YES;
				CLANG_ENABLE_OBJC_WEAK = YES;
				CLANG_WARN_BLOCK_CAPTURE_AUTORELEASING = YES;
				CLANG_WARN_BOOL_CONVERSION = YES;
				CLANG_WARN_COMMA = YES;
				CLANG_WARN_CONSTANT_CONVERSION = YES;
				CLANG_WARN_DEPRECATED_OBJC_IMPLEMENTATIONS = YES;
				CLANG_WARN_DIRECT_OBJC_ISA_USAGE = YES_ERROR;
				CLANG_WARN_DOCUMENTATION_COMMENTS = YES;
				CLANG_WARN_EMPTY_BODY = YES;
				CLANG_WARN_ENUM_CONVERSION = YES;
				CLANG_WARN_INFINITE_RECURSION = YES;
				CLANG_WARN_INT_CONVERSION = YES;
				CLANG_WARN_NON_LITERAL_NULL_CONVERSION = YES;
				CLANG_WARN_OBJC_IMPLICIT_RETAIN_SELF = YES;
				CLANG_WARN_OBJC_LITERAL_CONVERSION = YES;
				CLANG_WARN_OBJC_ROOT_CLASS = YES_ERROR;
				CLANG_WARN_RANGE_LOOP_ANALYSIS = YES;
				CLANG_WARN_STRICT_PROTOTYPES = YES;
				CLANG_WARN_SUSPICIOUS_MOVE = YES;
				CLANG_WARN_UNGUARDED_AVAILABILITY = YES_AGGRESSIVE;
				CLANG_WARN_UNREACHABLE_CODE = YES;
				CLANG_WARN__DUPLICATE_METHOD_MATCH = YES;
				COPY_PHASE_STRIP = NO;
				DEBUG_INFORMATION_FORMAT = dwarf;
				ENABLE_STRICT_OBJC_MSGSEND = YES;
				ENABLE_TESTABILITY = YES;
				GCC_C_LANGUAGE_STANDARD = gnu11;
				GCC_DYNAMIC_NO_PIC = NO;
				GCC_NO_COMMON_BLOCKS = YES;
				GCC_OPTIMIZATION_LEVEL = 0;
				GCC_PREPROCESSOR_DEFINITIONS = (
					"DEBUG=1",
					"$(inherited)",
				);
				GCC_WARN_64_TO_32_BIT_CONVERSION = YES;
				GCC_WARN_ABOUT_RETURN_TYPE = YES_ERROR;
				GCC_WARN_UNDECLARED_SELECTOR = YES;
				GCC_WARN_UNINITIALIZED_AUTOS = YES_AGGRESSIVE;
				GCC_WARN_UNUSED_FUNCTION = YES;
				GCC_WARN_UNUSED_VARIABLE = YES;
				IPHONEOS_DEPLOYMENT_TARGET = 13.2;
				MTL_ENABLE_DEBUG_INFO = INCLUDE_SOURCE;
				MTL_FAST_MATH = YES;
				ONLY_ACTIVE_ARCH = YES;
				SDKROOT = iphoneos;
				SWIFT_ACTIVE_COMPILATION_CONDITIONS = DEBUG;
				SWIFT_OPTIMIZATION_LEVEL = "-Onone";
			};
			name = Debug;
		};
		BD3BEA7723F39A890086EA43 /* Release */ = {
			isa = XCBuildConfiguration;
			buildSettings = {
				ALWAYS_SEARCH_USER_PATHS = NO;
				CLANG_ANALYZER_NONNULL = YES;
				CLANG_ANALYZER_NUMBER_OBJECT_CONVERSION = YES_AGGRESSIVE;
				CLANG_CXX_LANGUAGE_STANDARD = "gnu++14";
				CLANG_CXX_LIBRARY = "libc++";
				CLANG_ENABLE_MODULES = YES;
				CLANG_ENABLE_OBJC_ARC = YES;
				CLANG_ENABLE_OBJC_WEAK = YES;
				CLANG_WARN_BLOCK_CAPTURE_AUTORELEASING = YES;
				CLANG_WARN_BOOL_CONVERSION = YES;
				CLANG_WARN_COMMA = YES;
				CLANG_WARN_CONSTANT_CONVERSION = YES;
				CLANG_WARN_DEPRECATED_OBJC_IMPLEMENTATIONS = YES;
				CLANG_WARN_DIRECT_OBJC_ISA_USAGE = YES_ERROR;
				CLANG_WARN_DOCUMENTATION_COMMENTS = YES;
				CLANG_WARN_EMPTY_BODY = YES;
				CLANG_WARN_ENUM_CONVERSION = YES;
				CLANG_WARN_INFINITE_RECURSION = YES;
				CLANG_WARN_INT_CONVERSION = YES;
				CLANG_WARN_NON_LITERAL_NULL_CONVERSION = YES;
				CLANG_WARN_OBJC_IMPLICIT_RETAIN_SELF = YES;
				CLANG_WARN_OBJC_LITERAL_CONVERSION = YES;
				CLANG_WARN_OBJC_ROOT_CLASS = YES_ERROR;
				CLANG_WARN_RANGE_LOOP_ANALYSIS = YES;
				CLANG_WARN_STRICT_PROTOTYPES = YES;
				CLANG_WARN_SUSPICIOUS_MOVE = YES;
				CLANG_WARN_UNGUARDED_AVAILABILITY = YES_AGGRESSIVE;
				CLANG_WARN_UNREACHABLE_CODE = YES;
				CLANG_WARN__DUPLICATE_METHOD_MATCH = YES;
				COPY_PHASE_STRIP = NO;
				DEBUG_INFORMATION_FORMAT = "dwarf-with-dsym";
				ENABLE_NS_ASSERTIONS = NO;
				ENABLE_STRICT_OBJC_MSGSEND = YES;
				GCC_C_LANGUAGE_STANDARD = gnu11;
				GCC_NO_COMMON_BLOCKS = YES;
				GCC_WARN_64_TO_32_BIT_CONVERSION = YES;
				GCC_WARN_ABOUT_RETURN_TYPE = YES_ERROR;
				GCC_WARN_UNDECLARED_SELECTOR = YES;
				GCC_WARN_UNINITIALIZED_AUTOS = YES_AGGRESSIVE;
				GCC_WARN_UNUSED_FUNCTION = YES;
				GCC_WARN_UNUSED_VARIABLE = YES;
				IPHONEOS_DEPLOYMENT_TARGET = 13.2;
				MTL_ENABLE_DEBUG_INFO = NO;
				MTL_FAST_MATH = YES;
				SDKROOT = iphoneos;
				SWIFT_COMPILATION_MODE = wholemodule;
				SWIFT_OPTIMIZATION_LEVEL = "-O";
				VALIDATE_PRODUCT = YES;
			};
			name = Release;
		};
		BD3BEA7923F39A890086EA43 /* Debug */ = {
			isa = XCBuildConfiguration;
			baseConfigurationReference = 3D989EED6FD8906A8BB822BB /* Pods-rxWeather.debug.xcconfig */;
			buildSettings = {
				ASSETCATALOG_COMPILER_APPICON_NAME = AppIcon;
				CODE_SIGN_STYLE = Automatic;
				DEVELOPMENT_TEAM = R935X42Z66;
				INFOPLIST_FILE = rxWeather/Info.plist;
				LD_RUNPATH_SEARCH_PATHS = (
					"$(inherited)",
					"@executable_path/Frameworks",
				);
				PRODUCT_BUNDLE_IDENTIFIER = com.martntn.rxWeather;
				PRODUCT_NAME = "$(TARGET_NAME)";
				SWIFT_VERSION = 5.0;
				TARGETED_DEVICE_FAMILY = "1,2";
			};
			name = Debug;
		};
		BD3BEA7A23F39A890086EA43 /* Release */ = {
			isa = XCBuildConfiguration;
			baseConfigurationReference = 30EC0BEA6FC733CD916095D3 /* Pods-rxWeather.release.xcconfig */;
			buildSettings = {
				ASSETCATALOG_COMPILER_APPICON_NAME = AppIcon;
				CODE_SIGN_STYLE = Automatic;
				DEVELOPMENT_TEAM = R935X42Z66;
				INFOPLIST_FILE = rxWeather/Info.plist;
				LD_RUNPATH_SEARCH_PATHS = (
					"$(inherited)",
					"@executable_path/Frameworks",
				);
				PRODUCT_BUNDLE_IDENTIFIER = com.martntn.rxWeather;
				PRODUCT_NAME = "$(TARGET_NAME)";
				SWIFT_VERSION = 5.0;
				TARGETED_DEVICE_FAMILY = "1,2";
			};
			name = Release;
		};
/* End XCBuildConfiguration section */

/* Begin XCConfigurationList section */
		BD3BEA5F23F39A870086EA43 /* Build configuration list for PBXProject "rxWeather" */ = {
			isa = XCConfigurationList;
			buildConfigurations = (
				BD3BEA7623F39A890086EA43 /* Debug */,
				BD3BEA7723F39A890086EA43 /* Release */,
			);
			defaultConfigurationIsVisible = 0;
			defaultConfigurationName = Release;
		};
		BD3BEA7823F39A890086EA43 /* Build configuration list for PBXNativeTarget "rxWeather" */ = {
			isa = XCConfigurationList;
			buildConfigurations = (
				BD3BEA7923F39A890086EA43 /* Debug */,
				BD3BEA7A23F39A890086EA43 /* Release */,
			);
			defaultConfigurationIsVisible = 0;
			defaultConfigurationName = Release;
		};
/* End XCConfigurationList section */
	};
	rootObject = BD3BEA5C23F39A870086EA43 /* Project object */;
}
